{
    "_readme": [
        "This file locks the dependencies of your project to a known state",
        "Read more about it at https://getcomposer.org/doc/01-basic-usage.md#installing-dependencies",
        "This file is @generated automatically"
    ],
    "content-hash": "c737883db4a6aa589c420b6a87b0d499",
    "packages": [
        {
            "name": "200mph/myxa-framework",
            "version": "1.0.0",
            "source": {
                "type": "git",
                "url": "https://github.com/200MPH/myxa-framework.git",
                "reference": "fc4ba78981afdfbc40ad8433586f49918862214e"
            },
            "dist": {
                "type": "zip",
                "url": "https://api.github.com/repos/200MPH/myxa-framework/zipball/fc4ba78981afdfbc40ad8433586f49918862214e",
                "reference": "fc4ba78981afdfbc40ad8433586f49918862214e",
                "shasum": ""
            },
            "require": {
                "php": ">=8.4",
                "psr/container": "^1.1 || ^2.0"
            },
            "require-dev": {
                "friendsofphp/php-cs-fixer": "^3.66",
                "phpstan/phpstan": "^1.12",
                "phpunit/phpunit": "^11.5",
                "rector/rector": "^1.2",
                "squizlabs/php_codesniffer": "^3.11"
            },
            "bin": [
                "bin/myxa"
            ],
            "type": "library",
            "autoload": {
                "psr-4": {
                    "Myxa\\": "src/",
                    "Test\\": "tests/"
                }
            },
            "notification-url": "https://packagist.org/downloads/",
            "license": [
                "MIT"
            ],
            "authors": [
                {
                    "name": "Wojciech Brozyna",
                    "email": "wojciech.brozyna@gmail.com"
                }
            ],
            "description": "Myxa core framework package",
            "support": {
                "issues": "https://github.com/200MPH/myxa-framework/issues",
                "source": "https://github.com/200MPH/myxa-framework/tree/1.0.0"
            },
            "time": "2026-04-08T19:56:49+00:00"
        },
        {
            "name": "psr/container",
            "version": "2.0.2",
            "source": {
                "type": "git",
                "url": "https://github.com/php-fig/container.git",
                "reference": "c71ecc56dfe541dbd90c5360474fbc405f8d5963"
            },
            "dist": {
                "type": "zip",
                "url": "https://api.github.com/repos/php-fig/container/zipball/c71ecc56dfe541dbd90c5360474fbc405f8d5963",
                "reference": "c71ecc56dfe541dbd90c5360474fbc405f8d5963",
                "shasum": ""
            },
            "require": {
                "php": ">=7.4.0"
            },
            "type": "library",
            "extra": {
                "branch-alias": {
                    "dev-master": "2.0.x-dev"
                }
            },
            "autoload": {
                "psr-4": {
                    "Psr\\Container\\": "src/"
                }
            },
            "notification-url": "https://packagist.org/downloads/",
            "license": [
                "MIT"
            ],
            "authors": [
                {
                    "name": "PHP-FIG",
                    "homepage": "https://www.php-fig.org/"
                }
            ],
            "description": "Common Container Interface (PHP FIG PSR-11)",
            "homepage": "https://github.com/php-fig/container",
            "keywords": [
                "PSR-11",
                "container",
                "container-interface",
                "container-interop",
                "psr"
            ],
            "support": {
                "issues": "https://github.com/php-fig/container/issues",
                "source": "https://github.com/php-fig/container/tree/2.0.2"
            },
            "time": "2021-11-05T16:47:00+00:00"
        }
    ],
    "packages-dev": [],
    "aliases": [],
    "minimum-stability": "stable",
    "stability-flags": {},
    "prefer-stable": false,
    "prefer-lowest": false,
    "platform": {
        "php": ">=8.3"
    },
    "platform-dev": {},
    "plugin-api-version": "2.9.0"
}
